
Microsoft Visual Studio Solution File, Format Version 12.00
# Visual Studio Version 17
VisualStudioVersion = 17.12.35527.113
MinimumVisualStudioVersion = 10.0.40219.1
Project("{FAE04EC0-301F-11D3-BF4B-00C04F79EFBC}") = "GFrag", "GFrag.csproj", "{82371BB6-062F-4EE8-8EA6-E2801DEE055E}"
EndProject
Global
	GlobalSection(SolutionConfigurationPlatforms) = preSolution
		Debug|Any CPU = Debug|Any CPU
		DevBug|Any CPU = DevBug|Any CPU
		Release|Any CPU = Release|Any CPU
	EndGlobalSection
	GlobalSection(ProjectConfigurationPlatforms) = postSolution
		{82371BB6-062F-4EE8-8EA6-E2801DEE055E}.Debug|Any CPU.ActiveCfg = Debug|Any CPU
		{82371BB6-062F-4EE8-8EA6-E2801DEE055E}.Debug|Any CPU.Build.0 = Debug|Any CPU
		{82371BB6-062F-4EE8-8EA6-E2801DEE055E}.Debug|Any CPU.Deploy.0 = Debug|Any CPU
		{82371BB6-062F-4EE8-8EA6-E2801DEE055E}.DevBug|Any CPU.ActiveCfg = DevBug|Any CPU
		{82371BB6-062F-4EE8-8EA6-E2801DEE055E}.DevBug|Any CPU.Build.0 = DevBug|Any CPU
		{82371BB6-062F-4EE8-8EA6-E2801DEE055E}.DevBug|Any CPU.Deploy.0 = DevBug|Any CPU
		{82371BB6-062F-4EE8-8EA6-E2801DEE055E}.Release|Any CPU.ActiveCfg = Release|Any CPU
		{82371BB6-062F-4EE8-8EA6-E2801DEE055E}.Release|Any CPU.Build.0 = Release|Any CPU
		{82371BB6-062F-4EE8-8EA6-E2801DEE055E}.Release|Any CPU.Deploy.0 = Release|Any CPU
	EndGlobalSection
	GlobalSection(SolutionProperties) = preSolution
		HideSolutionNode = FALSE
	EndGlobalSection
EndGlobal
